// !$*UTF8*$!
{
	archiveVersion = 1;
	classes = {
	};
	objectVersion = 55;
	objects = {

/* Begin PBXBuildFile section */
		8C29F91627D4D8A200C794A9 /* TitlePreviewViewModel.swift in Sources */ = {isa = PBXBuildFile; fileRef = 8C29F91527D4D8A200C794A9 /* TitlePreviewViewModel.swift */; };
		8C29F93C27D4F3AE00C794A9 /* NetflixCloneModel.xcdatamodeld in Sources */ = {isa = PBXBuildFile; fileRef = 8C29F93A27D4F3AE00C794A9 /* NetflixCloneModel.xcdatamodeld */; };
		8C43D03C27CF8DA80065F4D4 /* AppDelegate.swift in Sources */ = {isa = PBXBuildFile; fileRef = 8C43D03B27CF8DA80065F4D4 /* AppDelegate.swift */; };
		8C43D03E27CF8DA80065F4D4 /* SceneDelegate.swift in Sources */ = {isa = PBXBuildFile; fileRef = 8C43D03D27CF8DA80065F4D4 /* SceneDelegate.swift */; };
		8C43D04027CF8DA80065F4D4 /* MainTabBarViewController.swift in Sources */ = {isa = PBXBuildFile; fileRef = 8C43D03F27CF8DA80065F4D4 /* MainTabBarViewController.swift */; };
		8C43D04527CF8DAB0065F4D4 /* Assets.xcassets in Resources */ = {isa = PBXBuildFile; fileRef = 8C43D04427CF8DAB0065F4D4 /* Assets.xcassets */; };
		8C43D04827CF8DAB0065F4D4 /* LaunchScreen.storyboard in Resources */ = {isa = PBXBuildFile; fileRef = 8C43D04627CF8DAB0065F4D4 /* LaunchScreen.storyboard */; };
		8C43D05127CF90930065F4D4 /* HomeViewController.swift in Sources */ = {isa = PBXBuildFile; fileRef = 8C43D05027CF90930065F4D4 /* HomeViewController.swift */; };
		8C43D05327CF90A20065F4D4 /* UpCommingViewController.swift in Sources */ = {isa = PBXBuildFile; fileRef = 8C43D05227CF90A20065F4D4 /* UpCommingViewController.swift */; };
		8C43D05527CF90B10065F4D4 /* SearchViewController.swift in Sources */ = {isa = PBXBuildFile; fileRef = 8C43D05427CF90B10065F4D4 /* SearchViewController.swift */; };
		8C43D05727CF90CA0065F4D4 /* DownloadsViewController.swift in Sources */ = {isa = PBXBuildFile; fileRef = 8C43D05627CF90CA0065F4D4 /* DownloadsViewController.swift */; };
		8C43D05E27CF9C580065F4D4 /* CollectionViewTableViewCell.swift in Sources */ = {isa = PBXBuildFile; fileRef = 8C43D05D27CF9C580065F4D4 /* CollectionViewTableViewCell.swift */; };
		8C43D06027CFA3690065F4D4 /* HeroHeaderUiView.swift in Sources */ = {isa = PBXBuildFile; fileRef = 8C43D05F27CFA3690065F4D4 /* HeroHeaderUiView.swift */; };
		8C43D06227CFB84B0065F4D4 /* ApiCaller.swift in Sources */ = {isa = PBXBuildFile; fileRef = 8C43D06127CFB84B0065F4D4 /* ApiCaller.swift */; };
		8C43D06427CFBE660065F4D4 /* Title.swift in Sources */ = {isa = PBXBuildFile; fileRef = 8C43D06327CFBE660065F4D4 /* Title.swift */; };
		8C43D06627CFC34F0065F4D4 /* Extensions.swift in Sources */ = {isa = PBXBuildFile; fileRef = 8C43D06527CFC34F0065F4D4 /* Extensions.swift */; };
		8C43D06A27CFD3330065F4D4 /* TitleCollectionViewCell.swift in Sources */ = {isa = PBXBuildFile; fileRef = 8C43D06927CFD3330065F4D4 /* TitleCollectionViewCell.swift */; };
		8C43D06D27CFD57B0065F4D4 /* SDWebImage in Frameworks */ = {isa = PBXBuildFile; productRef = 8C43D06C27CFD57B0065F4D4 /* SDWebImage */; };
		8C43D06F27CFD57B0065F4D4 /* SDWebImageMapKit in Frameworks */ = {isa = PBXBuildFile; productRef = 8C43D06E27CFD57B0065F4D4 /* SDWebImageMapKit */; };
		8CA265E627D0D78000797F65 /* TitleTableViewCell.swift in Sources */ = {isa = PBXBuildFile; fileRef = 8CA265E527D0D78000797F65 /* TitleTableViewCell.swift */; };
		8CA265E827D0DC1C00797F65 /* TitleViewModel.swift in Sources */ = {isa = PBXBuildFile; fileRef = 8CA265E727D0DC1C00797F65 /* TitleViewModel.swift */; };
		8CA265EA27D0E6B100797F65 /* SearchResultsViewController.swift in Sources */ = {isa = PBXBuildFile; fileRef = 8CA265E927D0E6B100797F65 /* SearchResultsViewController.swift */; };
		8CA265EE27D0FF2200797F65 /* YoutubeSearchResults.swift in Sources */ = {isa = PBXBuildFile; fileRef = 8CA265ED27D0FF2200797F65 /* YoutubeSearchResults.swift */; };
		8CA265F027D1046D00797F65 /* TitlePreviewViewController.swift in Sources */ = {isa = PBXBuildFile; fileRef = 8CA265EF27D1046D00797F65 /* TitlePreviewViewController.swift */; };
		8CF0DF5027D4F68A009CB0D8 /* DataPersistanceManager.swift in Sources */ = {isa = PBXBuildFile; fileRef = 8CF0DF4F27D4F68A009CB0D8 /* DataPersistanceManager.swift */; };
/* End PBXBuildFile section */

/* Begin PBXFileReference section */
		8C29F91527D4D8A200C794A9 /* TitlePreviewViewModel.swift */ = {isa = PBXFileReference; lastKnownFileType = sourcecode.swift; path = TitlePreviewViewModel.swift; sourceTree = "<group>"; };
		8C29F93B27D4F3AE00C794A9 /* NetflixCloneModel.xcdatamodel */ = {isa = PBXFileReference; lastKnownFileType = wrapper.xcdatamodel; path = NetflixCloneModel.xcdatamodel; sourceTree = "<group>"; };
		8C43D03827CF8DA80065F4D4 /* Netflix Clone.app */ = {isa = PBXFileReference; explicitFileType = wrapper.application; includeInIndex = 0; path = "Netflix Clone.app"; sourceTree = BUILT_PRODUCTS_DIR; };
		8C43D03B27CF8DA80065F4D4 /* AppDelegate.swift */ = {isa = PBXFileReference; lastKnownFileType = sourcecode.swift; path = AppDelegate.swift; sourceTree = "<group>"; };
		8C43D03D27CF8DA80065F4D4 /* SceneDelegate.swift */ = {isa = PBXFileReference; lastKnownFileType = sourcecode.swift; path = SceneDelegate.swift; sourceTree = "<group>"; };
		8C43D03F27CF8DA80065F4D4 /* MainTabBarViewController.swift */ = {isa = PBXFileReference; lastKnownFileType = sourcecode.swift; path = MainTabBarViewController.swift; sourceTree = "<group>"; };
		8C43D04427CF8DAB0065F4D4 /* Assets.xcassets */ = {isa = PBXFileReference; lastKnownFileType = folder.assetcatalog; path = Assets.xcassets; sourceTree = "<group>"; };
		8C43D04727CF8DAB0065F4D4 /* Base */ = {isa = PBXFileReference; lastKnownFileType = file.storyboard; name = Base; path = Base.lproj/LaunchScreen.storyboard; sourceTree = "<group>"; };
		8C43D04927CF8DAB0065F4D4 /* Info.plist */ = {isa = PBXFileReference; lastKnownFileType = text.plist.xml; path = Info.plist; sourceTree = "<group>"; };
		8C43D05027CF90930065F4D4 /* HomeViewController.swift */ = {isa = PBXFileReference; lastKnownFileType = sourcecode.swift; path = HomeViewController.swift; sourceTree = "<group>"; };
		8C43D05227CF90A20065F4D4 /* UpCommingViewController.swift */ = {isa = PBXFileReference; lastKnownFileType = sourcecode.swift; path = UpCommingViewController.swift; sourceTree = "<group>"; };
		8C43D05427CF90B10065F4D4 /* SearchViewController.swift */ = {isa = PBXFileReference; lastKnownFileType = sourcecode.swift; path = SearchViewController.swift; sourceTree = "<group>"; };
		8C43D05627CF90CA0065F4D4 /* DownloadsViewController.swift */ = {isa = PBXFileReference; lastKnownFileType = sourcecode.swift; path = DownloadsViewController.swift; sourceTree = "<group>"; };
		8C43D05D27CF9C580065F4D4 /* CollectionViewTableViewCell.swift */ = {isa = PBXFileReference; lastKnownFileType = sourcecode.swift; path = CollectionViewTableViewCell.swift; sourceTree = "<group>"; };
		8C43D05F27CFA3690065F4D4 /* HeroHeaderUiView.swift */ = {isa = PBXFileReference; lastKnownFileType = sourcecode.swift; path = HeroHeaderUiView.swift; sourceTree = "<group>"; };
		8C43D06127CFB84B0065F4D4 /* ApiCaller.swift */ = {isa = PBXFileReference; lastKnownFileType = sourcecode.swift; path = ApiCaller.swift; sourceTree = "<group>"; };
		8C43D06327CFBE660065F4D4 /* Title.swift */ = {isa = PBXFileReference; lastKnownFileType = sourcecode.swift; path = Title.swift; sourceTree = "<group>"; };
		8C43D06527CFC34F0065F4D4 /* Extensions.swift */ = {isa = PBXFileReference; lastKnownFileType = sourcecode.swift; path = Extensions.swift; sourceTree = "<group>"; };
		8C43D06927CFD3330065F4D4 /* TitleCollectionViewCell.swift */ = {isa = PBXFileReference; lastKnownFileType = sourcecode.swift; path = TitleCollectionViewCell.swift; sourceTree = "<group>"; };
		8CA265E527D0D78000797F65 /* TitleTableViewCell.swift */ = {isa = PBXFileReference; lastKnownFileType = sourcecode.swift; path = TitleTableViewCell.swift; sourceTree = "<group>"; };
		8CA265E727D0DC1C00797F65 /* TitleViewModel.swift */ = {isa = PBXFileReference; lastKnownFileType = sourcecode.swift; path = TitleViewModel.swift; sourceTree = "<group>"; };
		8CA265E927D0E6B100797F65 /* SearchResultsViewController.swift */ = {isa = PBXFileReference; lastKnownFileType = sourcecode.swift; path = SearchResultsViewController.swift; sourceTree = "<group>"; };
		8CA265ED27D0FF2200797F65 /* YoutubeSearchResults.swift */ = {isa = PBXFileReference; lastKnownFileType = sourcecode.swift; path = YoutubeSearchResults.swift; sourceTree = "<group>"; };
		8CA265EF27D1046D00797F65 /* TitlePreviewViewController.swift */ = {isa = PBXFileReference; lastKnownFileType = sourcecode.swift; path = TitlePreviewViewController.swift; sourceTree = "<group>"; };
		8CF0DF4F27D4F68A009CB0D8 /* DataPersistanceManager.swift */ = {isa = PBXFileReference; lastKnownFileType = sourcecode.swift; path = DataPersistanceManager.swift; sourceTree = "<group>"; };
/* End PBXFileReference section */

/* Begin PBXFrameworksBuildPhase section */
		8C43D03527CF8DA80065F4D4 /* Frameworks */ = {
			isa = PBXFrameworksBuildPhase;
			buildActionMask = 2147483647;
			files = (
				8C43D06F27CFD57B0065F4D4 /* SDWebImageMapKit in Frameworks */,
				8C43D06D27CFD57B0065F4D4 /* SDWebImage in Frameworks */,
			);
			runOnlyForDeploymentPostprocessing = 0;
		};
/* End PBXFrameworksBuildPhase section */

/* Begin PBXGroup section */
		8C43D02F27CF8DA80065F4D4 = {
			isa = PBXGroup;
			children = (
				8C43D03A27CF8DA80065F4D4 /* Netflix Clone */,
				8C43D03927CF8DA80065F4D4 /* Products */,
			);
			sourceTree = "<group>";
		};
		8C43D03927CF8DA80065F4D4 /* Products */ = {
			isa = PBXGroup;
			children = (
				8C43D03827CF8DA80065F4D4 /* Netflix Clone.app */,
			);
			name = Products;
			sourceTree = "<group>";
		};
		8C43D03A27CF8DA80065F4D4 /* Netflix Clone */ = {
			isa = PBXGroup;
			children = (
				8C43D05C27CF9C0F0065F4D4 /* Managers */,
				8C43D05B27CF9C010065F4D4 /* Resources */,
				8C43D05A27CF9BE40065F4D4 /* Models */,
				8C43D05927CF9BDD0065F4D4 /* Views */,
				8C43D05827CF9BD00065F4D4 /* ViewModels */,
				8C43D04F27CF90010065F4D4 /* Controllers */,
				8C43D03B27CF8DA80065F4D4 /* AppDelegate.swift */,
				8C43D03D27CF8DA80065F4D4 /* SceneDelegate.swift */,
				8C43D04427CF8DAB0065F4D4 /* Assets.xcassets */,
				8C43D04627CF8DAB0065F4D4 /* LaunchScreen.storyboard */,
				8C43D04927CF8DAB0065F4D4 /* Info.plist */,
				8C29F93A27D4F3AE00C794A9 /* NetflixCloneModel.xcdatamodeld */,
			);
			path = "Netflix Clone";
			sourceTree = "<group>";
		};
		8C43D04F27CF90010065F4D4 /* Controllers */ = {
			isa = PBXGroup;
			children = (
				8CA265EC27D0E76200797F65 /* General */,
				8CA265EB27D0E73400797F65 /* Core */,
			);
			path = Controllers;
			sourceTree = "<group>";
		};
		8C43D05827CF9BD00065F4D4 /* ViewModels */ = {
			isa = PBXGroup;
			children = (
				8CA265E727D0DC1C00797F65 /* TitleViewModel.swift */,
				8C29F91527D4D8A200C794A9 /* TitlePreviewViewModel.swift */,
			);
			path = ViewModels;
			sourceTree = "<group>";
		};
		8C43D05927CF9BDD0065F4D4 /* Views */ = {
			isa = PBXGroup;
			children = (
				8CA265E427D0D73F00797F65 /* upcoming */,
				8C43D05D27CF9C580065F4D4 /* CollectionViewTableViewCell.swift */,
				8C43D05F27CFA3690065F4D4 /* HeroHeaderUiView.swift */,
				8C43D06927CFD3330065F4D4 /* TitleCollectionViewCell.swift */,
			);
			path = Views;
			sourceTree = "<group>";
		};
		8C43D05A27CF9BE40065F4D4 /* Models */ = {
			isa = PBXGroup;
			children = (
				8C43D06327CFBE660065F4D4 /* Title.swift */,
				8CA265ED27D0FF2200797F65 /* YoutubeSearchResults.swift */,
			);
			path = Models;
			sourceTree = "<group>";
		};
		8C43D05B27CF9C010065F4D4 /* Resources */ = {
			isa = PBXGroup;
			children = (
				8C43D06527CFC34F0065F4D4 /* Extensions.swift */,
			);
			path = Resources;
			sourceTree = "<group>";
		};
		8C43D05C27CF9C0F0065F4D4 /* Managers */ = {
			isa = PBXGroup;
			children = (
				8C43D06127CFB84B0065F4D4 /* ApiCaller.swift */,
				8CF0DF4F27D4F68A009CB0D8 /* DataPersistanceManager.swift */,
			);
			path = Managers;
			sourceTree = "<group>";
		};
		8CA265E427D0D73F00797F65 /* upcoming */ = {
			isa = PBXGroup;
			children = (
				8CA265E527D0D78000797F65 /* TitleTableViewCell.swift */,
			);
			path = upcoming;
			sourceTree = "<group>";
		};
		8CA265EB27D0E73400797F65 /* Core */ = {
			isa = PBXGroup;
			children = (
				8C43D03F27CF8DA80065F4D4 /* MainTabBarViewController.swift */,
				8C43D05027CF90930065F4D4 /* HomeViewController.swift */,
				8C43D05227CF90A20065F4D4 /* UpCommingViewController.swift */,
				8C43D05427CF90B10065F4D4 /* SearchViewController.swift */,
				8C43D05627CF90CA0065F4D4 /* DownloadsViewController.swift */,
			);
			path = Core;
			sourceTree = "<group>";
		};
		8CA265EC27D0E76200797F65 /* General */ = {
			isa = PBXGroup;
			children = (
				8CA265E927D0E6B100797F65 /* SearchResultsViewController.swift */,
				8CA265EF27D1046D00797F65 /* TitlePreviewViewController.swift */,
			);
			path = General;
			sourceTree = "<group>";
		};
/* End PBXGroup section */

/* Begin PBXNativeTarget section */
		8C43D03727CF8DA80065F4D4 /* Netflix Clone */ = {
			isa = PBXNativeTarget;
			buildConfigurationList = 8C43D04C27CF8DAB0065F4D4 /* Build configuration list for PBXNativeTarget "Netflix Clone" */;
			buildPhases = (
				8C43D03427CF8DA80065F4D4 /* Sources */,
				8C43D03527CF8DA80065F4D4 /* Frameworks */,
				8C43D03627CF8DA80065F4D4 /* Resources */,
			);
			buildRules = (
			);
			dependencies = (
			);
			name = "Netflix Clone";
			packageProductDependencies = (
				8C43D06C27CFD57B0065F4D4 /* SDWebImage */,
				8C43D06E27CFD57B0065F4D4 /* SDWebImageMapKit */,
			);
			productName = "Netflix Clone";
			productReference = 8C43D03827CF8DA80065F4D4 /* Netflix Clone.app */;
			productType = "com.apple.product-type.application";
		};
/* End PBXNativeTarget section */

/* Begin PBXProject section */
		8C43D03027CF8DA80065F4D4 /* Project object */ = {
			isa = PBXProject;
			attributes = {
				BuildIndependentTargetsInParallel = 1;
				LastSwiftUpdateCheck = 1320;
				LastUpgradeCheck = 1320;
				TargetAttributes = {
					8C43D03727CF8DA80065F4D4 = {
						CreatedOnToolsVersion = 13.2.1;
					};
				};
			};
			buildConfigurationList = 8C43D03327CF8DA80065F4D4 /* Build configuration list for PBXProject "Netflix Clone" */;
			compatibilityVersion = "Xcode 13.0";
			developmentRegion = en;
			hasScannedForEncodings = 0;
			knownRegions = (
				en,
				Base,
			);
			mainGroup = 8C43D02F27CF8DA80065F4D4;
			packageReferences = (
				8C43D06B27CFD57B0065F4D4 /* XCRemoteSwiftPackageReference "SDWebImage" */,
			);
			productRefGroup = 8C43D03927CF8DA80065F4D4 /* Products */;
			projectDirPath = "";
			projectRoot = "";
			targets = (
				8C43D03727CF8DA80065F4D4 /* Netflix Clone */,
			);
		};
/* End PBXProject section */

/* Begin PBXResourcesBuildPhase section */
		8C43D03627CF8DA80065F4D4 /* Resources */ = {
			isa = PBXResourcesBuildPhase;
			buildActionMask = 2147483647;
			files = (
				8C43D04827CF8DAB0065F4D4 /* LaunchScreen.storyboard in Resources */,
				8C43D04527CF8DAB0065F4D4 /* Assets.xcassets in Resources */,
			);
			runOnlyForDeploymentPostprocessing = 0;
		};
/* End PBXResourcesBuildPhase section */

/* Begin PBXSourcesBuildPhase section */
		8C43D03427CF8DA80065F4D4 /* Sources */ = {
			isa = PBXSourcesBuildPhase;
			buildActionMask = 2147483647;
			files = (
				8CA265E627D0D78000797F65 /* TitleTableViewCell.swift in Sources */,
				8C43D05527CF90B10065F4D4 /* SearchViewController.swift in Sources */,
				8C43D06A27CFD3330065F4D4 /* TitleCollectionViewCell.swift in Sources */,
				8C43D04027CF8DA80065F4D4 /* MainTabBarViewController.swift in Sources */,
				8C43D05E27CF9C580065F4D4 /* CollectionViewTableViewCell.swift in Sources */,
				8C43D05727CF90CA0065F4D4 /* DownloadsViewController.swift in Sources */,
				8C29F93C27D4F3AE00C794A9 /* NetflixCloneModel.xcdatamodeld in Sources */,
				8C43D05327CF90A20065F4D4 /* UpCommingViewController.swift in Sources */,
				8C43D06027CFA3690065F4D4 /* HeroHeaderUiView.swift in Sources */,
				8C43D03C27CF8DA80065F4D4 /* AppDelegate.swift in Sources */,
				8CA265EE27D0FF2200797F65 /* YoutubeSearchResults.swift in Sources */,
				8CA265EA27D0E6B100797F65 /* SearchResultsViewController.swift in Sources */,
				8CF0DF5027D4F68A009CB0D8 /* DataPersistanceManager.swift in Sources */,
				8C43D06627CFC34F0065F4D4 /* Extensions.swift in Sources */,
				8C43D03E27CF8DA80065F4D4 /* SceneDelegate.swift in Sources */,
				8C29F91627D4D8A200C794A9 /* TitlePreviewViewModel.swift in Sources */,
				8C43D05127CF90930065F4D4 /* HomeViewController.swift in Sources */,
				8CA265F027D1046D00797F65 /* TitlePreviewViewController.swift in Sources */,
				8C43D06427CFBE660065F4D4 /* Title.swift in Sources */,
				8C43D06227CFB84B0065F4D4 /* ApiCaller.swift in Sources */,
				8CA265E827D0DC1C00797F65 /* TitleViewModel.swift in Sources */,
			);
			runOnlyForDeploymentPostprocessing = 0;
		};
/* End PBXSourcesBuildPhase section */

/* Begin PBXVariantGroup section */
		8C43D04627CF8DAB0065F4D4 /* LaunchScreen.storyboard */ = {
			isa = PBXVariantGroup;
			children = (
				8C43D04727CF8DAB0065F4D4 /* Base */,
			);
			name = LaunchScreen.storyboard;
			sourceTree = "<group>";
		};
/* End PBXVariantGroup section */

/* Begin XCBuildConfiguration section */
		8C43D04A27CF8DAB0065F4D4 /* Debug */ = {
			isa = XCBuildConfiguration;
			buildSettings = {
				ALWAYS_SEARCH_USER_PATHS = NO;
				CLANG_ANALYZER_NONNULL = YES;
				CLANG_ANALYZER_NUMBER_OBJECT_CONVERSION = YES_AGGRESSIVE;
				CLANG_CXX_LANGUAGE_STANDARD = "gnu++17";
				CLANG_CXX_LIBRARY = "libc++";
				CLANG_ENABLE_MODULES = YES;
				CLANG_ENABLE_OBJC_ARC = YES;
				CLANG_ENABLE_OBJC_WEAK = YES;
				CLANG_WARN_BLOCK_CAPTURE_AUTORELEASING = YES;
				CLANG_WARN_BOOL_CONVERSION = YES;
				CLANG_WARN_COMMA = YES;
				CLANG_WARN_CONSTANT_CONVERSION = YES;
				CLANG_WARN_DEPRECATED_OBJC_IMPLEMENTATIONS = YES;
				CLANG_WARN_DIRECT_OBJC_ISA_USAGE = YES_ERROR;
				CLANG_WARN_DOCUMENTATION_COMMENTS = YES;
				CLANG_WARN_EMPTY_BODY = YES;
				CLANG_WARN_ENUM_CONVERSION = YES;
				CLANG_WARN_INFINITE_RECURSION = YES;
				CLANG_WARN_INT_CONVERSION = YES;
				CLANG_WARN_NON_LITERAL_NULL_CONVERSION = YES;
				CLANG_WARN_OBJC_IMPLICIT_RETAIN_SELF = YES;
				CLANG_WARN_OBJC_LITERAL_CONVERSION = YES;
				CLANG_WARN_OBJC_ROOT_CLASS = YES_ERROR;
				CLANG_WARN_QUOTED_INCLUDE_IN_FRAMEWORK_HEADER = YES;
				CLANG_WARN_RANGE_LOOP_ANALYSIS = YES;
				CLANG_WARN_STRICT_PROTOTYPES = YES;
				CLANG_WARN_SUSPICIOUS_MOVE = YES;
				CLANG_WARN_UNGUARDED_AVAILABILITY = YES_AGGRESSIVE;
				CLANG_WARN_UNREACHABLE_CODE = YES;
				CLANG_WARN__DUPLICATE_METHOD_MATCH = YES;
				COPY_PHASE_STRIP = NO;
				DEBUG_INFORMATION_FORMAT = dwarf;
				ENABLE_STRICT_OBJC_MSGSEND = YES;
				ENABLE_TESTABILITY = YES;
				GCC_C_LANGUAGE_STANDARD = gnu11;
				GCC_DYNAMIC_NO_PIC = NO;
				GCC_NO_COMMON_BLOCKS = YES;
				GCC_OPTIMIZATION_LEVEL = 0;
				GCC_PREPROCESSOR_DEFINITIONS = (
					"DEBUG=1",
					"$(inherited)",
				);
				GCC_WARN_64_TO_32_BIT_CONVERSION = YES;
				GCC_WARN_ABOUT_RETURN_TYPE = YES_ERROR;
				GCC_WARN_UNDECLARED_SELECTOR = YES;
				GCC_WARN_UNINITIALIZED_AUTOS = YES_AGGRESSIVE;
				GCC_WARN_UNUSED_FUNCTION = YES;
				GCC_WARN_UNUSED_VARIABLE = YES;
				IPHONEOS_DEPLOYMENT_TARGET = 15.2;
				MTL_ENABLE_DEBUG_INFO = INCLUDE_SOURCE;
				MTL_FAST_MATH = YES;
				ONLY_ACTIVE_ARCH = YES;
				SDKROOT = iphoneos;
				SWIFT_ACTIVE_COMPILATION_CONDITIONS = DEBUG;
				SWIFT_OPTIMIZATION_LEVEL = "-Onone";
			};
			name = Debug;
		};
		8C43D04B27CF8DAB0065F4D4 /* Release */ = {
			isa = XCBuildConfiguration;
			buildSettings = {
				ALWAYS_SEARCH_USER_PATHS = NO;
				CLANG_ANALYZER_NONNULL = YES;
				CLANG_ANALYZER_NUMBER_OBJECT_CONVERSION = YES_AGGRESSIVE;
				CLANG_CXX_LANGUAGE_STANDARD = "gnu++17";
				CLANG_CXX_LIBRARY = "libc++";
				CLANG_ENABLE_MODULES = YES;
				CLANG_ENABLE_OBJC_ARC = YES;
				CLANG_ENABLE_OBJC_WEAK = YES;
				CLANG_WARN_BLOCK_CAPTURE_AUTORELEASING = YES;
				CLANG_WARN_BOOL_CONVERSION = YES;
				CLANG_WARN_COMMA = YES;
				CLANG_WARN_CONSTANT_CONVERSION = YES;
				CLANG_WARN_DEPRECATED_OBJC_IMPLEMENTATIONS = YES;
				CLANG_WARN_DIRECT_OBJC_ISA_USAGE = YES_ERROR;
				CLANG_WARN_DOCUMENTATION_COMMENTS = YES;
				CLANG_WARN_EMPTY_BODY = YES;
				CLANG_WARN_ENUM_CONVERSION = YES;
				CLANG_WARN_INFINITE_RECURSION = YES;
				CLANG_WARN_INT_CONVERSION = YES;
				CLANG_WARN_NON_LITERAL_NULL_CONVERSION = YES;
				CLANG_WARN_OBJC_IMPLICIT_RETAIN_SELF = YES;
				CLANG_WARN_OBJC_LITERAL_CONVERSION = YES;
				CLANG_WARN_OBJC_ROOT_CLASS = YES_ERROR;
				CLANG_WARN_QUOTED_INCLUDE_IN_FRAMEWORK_HEADER = YES;
				CLANG_WARN_RANGE_LOOP_ANALYSIS = YES;
				CLANG_WARN_STRICT_PROTOTYPES = YES;
				CLANG_WARN_SUSPICIOUS_MOVE = YES;
				CLANG_WARN_UNGUARDED_AVAILABILITY = YES_AGGRESSIVE;
				CLANG_WARN_UNREACHABLE_CODE = YES;
				CLANG_WARN__DUPLICATE_METHOD_MATCH = YES;
				COPY_PHASE_STRIP = NO;
				DEBUG_INFORMATION_FORMAT = "dwarf-with-dsym";
				ENABLE_NS_ASSERTIONS = NO;
				ENABLE_STRICT_OBJC_MSGSEND = YES;
				GCC_C_LANGUAGE_STANDARD = gnu11;
				GCC_NO_COMMON_BLOCKS = YES;
				GCC_WARN_64_TO_32_BIT_CONVERSION = YES;
				GCC_WARN_ABOUT_RETURN_TYPE = YES_ERROR;
				GCC_WARN_UNDECLARED_SELECTOR = YES;
				GCC_WARN_UNINITIALIZED_AUTOS = YES_AGGRESSIVE;
				GCC_WARN_UNUSED_FUNCTION = YES;
				GCC_WARN_UNUSED_VARIABLE = YES;
				IPHONEOS_DEPLOYMENT_TARGET = 15.2;
				MTL_ENABLE_DEBUG_INFO = NO;
				MTL_FAST_MATH = YES;
				SDKROOT = iphoneos;
				SWIFT_COMPILATION_MODE = wholemodule;
				SWIFT_OPTIMIZATION_LEVEL = "-O";
				VALIDATE_PRODUCT = YES;
			};
			name = Release;
		};
		8C43D04D27CF8DAB0065F4D4 /* Debug */ = {
			isa = XCBuildConfiguration;
			buildSettings = {
				ASSETCATALOG_COMPILER_APPICON_NAME = AppIcon;
				ASSETCATALOG_COMPILER_GLOBAL_ACCENT_COLOR_NAME = AccentColor;
				CODE_SIGN_STYLE = Automatic;
				CURRENT_PROJECT_VERSION = 1;
				DEVELOPMENT_TEAM = PF8777A2YF;
				GENERATE_INFOPLIST_FILE = YES;
				INFOPLIST_FILE = "Netflix Clone/Info.plist";
				INFOPLIST_KEY_UIApplicationSupportsIndirectInputEvents = YES;
				INFOPLIST_KEY_UILaunchStoryboardName = LaunchScreen;
				INFOPLIST_KEY_UISupportedInterfaceOrientations_iPad = "UIInterfaceOrientationPortrait UIInterfaceOrientationPortraitUpsideDown UIInterfaceOrientationLandscapeLeft UIInterfaceOrientationLandscapeRight";
				INFOPLIST_KEY_UISupportedInterfaceOrientations_iPhone = "UIInterfaceOrientationPortrait UIInterfaceOrientationLandscapeLeft UIInterfaceOrientationLandscapeRight";
				LD_RUNPATH_SEARCH_PATHS = (
					"$(inherited)",
					"@executable_path/Frameworks",
				);
				MARKETING_VERSION = 1.0;
				PRODUCT_BUNDLE_IDENTIFIER = "com.app.joe.Netflix-Clone";
				PRODUCT_NAME = "$(TARGET_NAME)";
				SWIFT_EMIT_LOC_STRINGS = YES;
				SWIFT_VERSION = 5.0;
				TARGETED_DEVICE_FAMILY = "1,2";
			};
			name = Debug;
		};
		8C43D04E27CF8DAB0065F4D4 /* Release */ = {
			isa = XCBuildConfiguration;
			buildSettings = {
				ASSETCATALOG_COMPILER_APPICON_NAME = AppIcon;
				ASSETCATALOG_COMPILER_GLOBAL_ACCENT_COLOR_NAME = AccentColor;
				CODE_SIGN_STYLE = Automatic;
				CURRENT_PROJECT_VERSION = 1;
				DEVELOPMENT_TEAM = PF8777A2YF;
				GENERATE_INFOPLIST_FILE = YES;
				INFOPLIST_FILE = "Netflix Clone/Info.plist";
				INFOPLIST_KEY_UIApplicationSupportsIndirectInputEvents = YES;
				INFOPLIST_KEY_UILaunchStoryboardName = LaunchScreen;
				INFOPLIST_KEY_UISupportedInterfaceOrientations_iPad = "UIInterfaceOrientationPortrait UIInterfaceOrientationPortraitUpsideDown UIInterfaceOrientationLandscapeLeft UIInterfaceOrientationLandscapeRight";
				INFOPLIST_KEY_UISupportedInterfaceOrientations_iPhone = "UIInterfaceOrientationPortrait UIInterfaceOrientationLandscapeLeft UIInterfaceOrientationLandscapeRight";
				LD_RUNPATH_SEARCH_PATHS = (
					"$(inherited)",
					"@executable_path/Frameworks",
				);
				MARKETING_VERSION = 1.0;
				PRODUCT_BUNDLE_IDENTIFIER = "com.app.joe.Netflix-Clone";
				PRODUCT_NAME = "$(TARGET_NAME)";
				SWIFT_EMIT_LOC_STRINGS = YES;
				SWIFT_VERSION = 5.0;
				TARGETED_DEVICE_FAMILY = "1,2";
			};
			name = Release;
		};
/* End XCBuildConfiguration section */

/* Begin XCConfigurationList section */
		8C43D03327CF8DA80065F4D4 /* Build configuration list for PBXProject "Netflix Clone" */ = {
			isa = XCConfigurationList;
			buildConfigurations = (
				8C43D04A27CF8DAB0065F4D4 /* Debug */,
				8C43D04B27CF8DAB0065F4D4 /* Release */,
			);
			defaultConfigurationIsVisible = 0;
			defaultConfigurationName = Release;
		};
		8C43D04C27CF8DAB0065F4D4 /* Build configuration list for PBXNativeTarget "Netflix Clone" */ = {
			isa = XCConfigurationList;
			buildConfigurations = (
				8C43D04D27CF8DAB0065F4D4 /* Debug */,
				8C43D04E27CF8DAB0065F4D4 /* Release */,
			);
			defaultConfigurationIsVisible = 0;
			defaultConfigurationName = Release;
		};
/* End XCConfigurationList section */

/* Begin XCRemoteSwiftPackageReference section */
		8C43D06B27CFD57B0065F4D4 /* XCRemoteSwiftPackageReference "SDWebImage" */ = {
			isa = XCRemoteSwiftPackageReference;
			repositoryURL = "https://github.com/SDWebImage/SDWebImage.git";
			requirement = {
				kind = upToNextMajorVersion;
				minimumVersion = 5.0.0;
			};
		};
/* End XCRemoteSwiftPackageReference section */

/* Begin XCSwiftPackageProductDependency section */
		8C43D06C27CFD57B0065F4D4 /* SDWebImage */ = {
			isa = XCSwiftPackageProductDependency;
			package = 8C43D06B27CFD57B0065F4D4 /* XCRemoteSwiftPackageReference "SDWebImage" */;
			productName = SDWebImage;
		};
		8C43D06E27CFD57B0065F4D4 /* SDWebImageMapKit */ = {
			isa = XCSwiftPackageProductDependency;
			package = 8C43D06B27CFD57B0065F4D4 /* XCRemoteSwiftPackageReference "SDWebImage" */;
			productName = SDWebImageMapKit;
		};
/* End XCSwiftPackageProductDependency section */

/* Begin XCVersionGroup section */
		8C29F93A27D4F3AE00C794A9 /* NetflixCloneModel.xcdatamodeld */ = {
			isa = XCVersionGroup;
			children = (
				8C29F93B27D4F3AE00C794A9 /* NetflixCloneModel.xcdatamodel */,
			);
			currentVersion = 8C29F93B27D4F3AE00C794A9 /* NetflixCloneModel.xcdatamodel */;
			path = NetflixCloneModel.xcdatamodeld;
			sourceTree = "<group>";
			versionGroupType = wrapper.xcdatamodel;
		};
/* End XCVersionGroup section */
	};
	rootObject = 8C43D03027CF8DA80065F4D4 /* Project object */;
}
